{
  "name": "rich-text-editor",
  "version": "0.0.1",
  "lockfileVersion": 3,
  "requires": true,
  "packages": {
    "": {
      "dependencies": {
        "prettier": "^3.3.1",
        "turbo": "^2.0.11"
      }
    },
    "apps/docs": {
      "version": "0.0.1",
      "extraneous": true,
      "license": "MIT",
      "dependencies": {
        "next": "^14.2.3",
        "nextra": "^2.13.4",
        "nextra-theme-docs": "^2.13.4",
        "react": "^18.3.1",
        "react-dom": "^18.3.1",
        "sharp": "^0.33.4"
      },
      "devDependencies": {
        "autoprefixer": "^10.4.19",
        "postcss": "^8.4.38",
        "tailwindcss": "^3.4.4"
      }
    },
    "node_modules/prettier": {
      "version": "3.3.1",
      "resolved": "https://registry.npmjs.org/prettier/-/prettier-3.3.1.tgz",
      "integrity": "sha512-7CAwy5dRsxs8PHXT3twixW9/OEll8MLE0VRPCJyl7CkS6VHGPSlsVaWTiASPTyGyYRyApxlaWTzwUxVNrhcwDg==",
      "license": "MIT",
      "bin": {
        "prettier": "bin/prettier.cjs"
      },
      "engines": {
        "node": ">=14"
      },
      "funding": {
        "url": "https://github.com/prettier/prettier?sponsor=1"
      }
    },
    "node_modules/turbo": {
      "version": "2.0.11",
      "resolved": "https://registry.npmjs.org/turbo/-/turbo-2.0.11.tgz",
      "integrity": "sha512-imDlFFAvitbCm1JtDFJ6eG882qwxHUmVT2noPb3p2jq5o5DuXOchMbkVS9kUeC3/4WpY5N0GBZ3RvqNyjHZw1Q==",
      "license": "MIT",
      "bin": {
        "turbo": "bin/turbo"
      },
      "optionalDependencies": {
        "turbo-darwin-64": "2.0.11",
        "turbo-darwin-arm64": "2.0.11",
        "turbo-linux-64": "2.0.11",
        "turbo-linux-arm64": "2.0.11",
        "turbo-windows-64": "2.0.11",
        "turbo-windows-arm64": "2.0.11"
      }
    },
    "node_modules/turbo-darwin-64": {
      "version": "2.0.11",
      "resolved": "https://registry.npmjs.org/turbo-darwin-64/-/turbo-darwin-64-2.0.11.tgz",
      "integrity": "sha512-YlHEEhcm+jI1BSZoLugGHUWDfRXaNaQIv7tGQBfadYjo9kixBnqoTOU6s1ubOrQMID+lizZZQs79GXwqM6vohg==",
      "cpu": [
        "x64"
      ],
      "license": "MIT",
      "optional": true,
      "os": [
        "darwin"
      ]
    },
    "node_modules/turbo-darwin-arm64": {
      "version": "2.0.11",
      "resolved": "https://registry.npmjs.org/turbo-darwin-arm64/-/turbo-darwin-arm64-2.0.11.tgz",
      "integrity": "sha512-K/YW+hWzRQ/wGmtffxllH4M1tgy8OlwgXODrIiAGzkSpZl9+pIsem/F86UULlhsIeavBYK/LS5+dzV3DPMjJ9w==",
      "cpu": [
        "arm64"
      ],
      "license": "MIT",
      "optional": true,
      "os": [
        "darwin"
      ]
    },
    "node_modules/turbo-linux-64": {
      "version": "2.0.11",
      "resolved": "https://registry.npmjs.org/turbo-linux-64/-/turbo-linux-64-2.0.11.tgz",
      "integrity": "sha512-mv8CwGP06UPweMh1Vlp6PI6OWnkuibxfIJ4Vlof7xqjohAaZU5FLqeOeHkjQflH/6YrCVuS9wrK0TFOu+meTtA==",
      "cpu": [
        "x64"
      ],
      "license": "MIT",
      "optional": true,
      "os": [
        "linux"
      ]
    },
    "node_modules/turbo-linux-arm64": {
      "version": "2.0.11",
      "resolved": "https://registry.npmjs.org/turbo-linux-arm64/-/turbo-linux-arm64-2.0.11.tgz",
      "integrity": "sha512-wLE5tl4oriTmHbuayc0ki0csaCplmVLj+uCWtecM/mfBuZgNS9ICNM9c4sB+Cfl5tlBBFeepqRNgvRvn8WeVZg==",
      "cpu": [
        "arm64"
      ],
      "license": "MIT",
      "optional": true,
      "os": [
        "linux"
      ]
    },
    "node_modules/turbo-windows-64": {
      "version": "2.0.11",
      "resolved": "https://registry.npmjs.org/turbo-windows-64/-/turbo-windows-64-2.0.11.tgz",
      "integrity": "sha512-tja3zvVCSWu3HizOoeQv0qDJ+GeWGWRFOOM6a8i3BYnXLgGKAaDZFcjwzgC50tWiAw4aowIVR4OouwIyRhLBaQ==",
      "cpu": [
        "x64"
      ],
      "license": "MIT",
      "optional": true,
      "os": [
        "win32"
      ]
    },
    "node_modules/turbo-windows-arm64": {
      "version": "2.0.11",
      "resolved": "https://registry.npmjs.org/turbo-windows-arm64/-/turbo-windows-arm64-2.0.11.tgz",
      "integrity": "sha512-sYjXP6k94Bqh99R+y3M1Ks6LRIEZybMz+7enA8GKl6JJ2ZFaXxTnS6q+/2+ii1+rRwxohj5OBb4gxODcF8Jd4w==",
      "cpu": [
        "arm64"
      ],
      "license": "MIT",
      "optional": true,
      "os": [
        "win32"
      ]
    },
    "packages/rich-text-editor": {
      "name": "@poetry-galore/rich-text-editor",
      "version": "0.0.14",
      "extraneous": true,
      "license": "MIT",
      "dependencies": {
        "@fortawesome/fontawesome-svg-core": "^6.5.2",
        "@fortawesome/free-regular-svg-icons": "^6.5.2",
        "@fortawesome/free-solid-svg-icons": "^6.5.2",
        "@fortawesome/react-fontawesome": "^0.2.2",
        "@lexical/code": "^0.16.1",
        "@lexical/html": "^0.16.1",
        "@lexical/link": "^0.16.1",
        "@lexical/list": "^0.16.1",
        "@lexical/react": "^0.16.1",
        "@lexical/rich-text": "^0.16.1",
        "@lexical/selection": "^0.16.1",
        "@lexical/utils": "^0.16.1",
        "@radix-ui/react-select": "^2.0.0",
        "@radix-ui/react-separator": "^1.0.3",
        "@radix-ui/react-slot": "^1.0.2",
        "@radix-ui/react-toggle": "^1.0.3",
        "@vitejs/plugin-react": "^4.3.0",
        "class-variance-authority": "^0.7.0",
        "clsx": "^2.1.1",
        "lexical": "^0.16.1",
        "lucide-react": "^0.383.0",
        "tailwind-merge": "^2.3.0",
        "tailwindcss-animate": "^1.0.7"
      },
      "devDependencies": {
        "@chromatic-com/storybook": "^1.5.0",
        "@rollup/plugin-commonjs": "^25.0.8",
        "@rollup/plugin-node-resolve": "^15.2.3",
        "@rollup/plugin-terser": "^0.4.4",
        "@rollup/plugin-typescript": "^11.1.6",
        "@storybook/addon-backgrounds": "^8.1.7",
        "@storybook/addon-essentials": "^8.1.5",
        "@storybook/addon-interactions": "^8.1.5",
        "@storybook/addon-links": "^8.1.5",
        "@storybook/addon-onboarding": "^8.1.5",
        "@storybook/addon-themes": "^8.1.7",
        "@storybook/blocks": "^8.1.5",
        "@storybook/react": "^8.1.5",
        "@storybook/react-vite": "^8.1.5",
        "@storybook/test": "^8.1.5",
        "@types/node": "^20.14.1",
        "@types/react": "^18.3.3",
        "autoprefixer": "^10.4.19",
        "postcss-import": "^16.1.0",
        "prettier": "3.3.1",
        "react": "^18.3.1",
        "rollup": "^4.18.0",
        "rollup-plugin-dts": "^6.1.1",
        "rollup-plugin-peer-deps-external": "^2.2.4",
        "rollup-plugin-postcss": "^4.0.2",
        "storybook": "^8.1.5",
        "tailwindcss": "^3.4.3",
        "tslib": "^2.6.2",
        "typescript": "^5.4.5"
      }
    },
    "packages/types": {
      "name": "@poetry-galore/types",
      "version": "0.0.2",
      "extraneous": true,
      "license": "MIT",
      "dependencies": {
        "@lexical/react": "^0.16.1",
        "lexical": "^0.16.1"
      },
      "devDependencies": {
        "@types/node": "^20.14.1",
        "@types/react": "^18.3.3",
        "react": "^18.3.1"
      }
    },
    "packages/utils": {
      "name": "@poetry-galore/utils",
      "version": "0.0.1",
      "extraneous": true,
      "license": "MIT",
      "dependencies": {
        "@lexical/html": "^0.16.1",
        "lexical": "^0.16.1"
      },
      "devDependencies": {
        "@rollup/plugin-commonjs": "^25.0.8",
        "@rollup/plugin-node-resolve": "^15.2.3",
        "@rollup/plugin-terser": "^0.4.4",
        "@rollup/plugin-typescript": "^11.1.6",
        "@types/node": "^20.14.1",
        "autoprefixer": "^10.4.19",
        "prettier": "3.3.1",
        "rollup": "^4.18.0",
        "rollup-plugin-dts": "^6.1.1",
        "rollup-plugin-peer-deps-external": "^2.2.4",
        "tslib": "^2.6.2",
        "typescript": "^5.4.5"
      }
    }
  }
}
